// !$*UTF8*$!
{
	archiveVersion = 1;
	classes = {
	};
	objectVersion = 46;
	objects = {

/* Begin PBXBuildFile section */
		1608688D1A02B6E5007D2EE3 /* Jake Class Extensions.swift in Sources */ = {isa = PBXBuildFile; fileRef = 1608688C1A02B6E5007D2EE3 /* Jake Class Extensions.swift */; };
		164EDA901A015008005F7452 /* CharacterCreationViewController.swift in Sources */ = {isa = PBXBuildFile; fileRef = 164EDA8E1A015008005F7452 /* CharacterCreationViewController.swift */; };
		164EDA941A01672D005F7452 /* RevealViewController.swift in Sources */ = {isa = PBXBuildFile; fileRef = 164EDA921A01672D005F7452 /* RevealViewController.swift */; };
		164EDA951A01672D005F7452 /* RevealViewController.xib in Resources */ = {isa = PBXBuildFile; fileRef = 164EDA931A01672D005F7452 /* RevealViewController.xib */; };
		164EDA971A018C5B005F7452 /* HackerMissionTitle.pdf in Resources */ = {isa = PBXBuildFile; fileRef = 164EDA961A018C5B005F7452 /* HackerMissionTitle.pdf */; };
		1697EB5D1A03FE72007D8D77 /* fontawesome-webfont.ttf in Resources */ = {isa = PBXBuildFile; fileRef = 1697EB5C1A03F0F4007D8D77 /* fontawesome-webfont.ttf */; };
		16AA3ADC1A00596700646943 /* TYPEWRON.ttf in Resources */ = {isa = PBXBuildFile; fileRef = 16C784B419FEE99F008421CC /* TYPEWRON.ttf */; };
		16AA3ADD1A00596A00646943 /* BOYCOTT_.ttf in Resources */ = {isa = PBXBuildFile; fileRef = 16C784B619FEE9DA008421CC /* BOYCOTT_.ttf */; };
		16AA3ADE1A00596F00646943 /* MKStencilsansBlack.ttf in Resources */ = {isa = PBXBuildFile; fileRef = 16C784B519FEE9C1008421CC /* MKStencilsansBlack.ttf */; };
		16C007381A000C7000231A17 /* infinite_field_bw.gif in Resources */ = {isa = PBXBuildFile; fileRef = 16C007341A000C7000231A17 /* infinite_field_bw.gif */; };
		16C007391A000C7000231A17 /* infinite_wormhole.gif in Resources */ = {isa = PBXBuildFile; fileRef = 16C007351A000C7000231A17 /* infinite_wormhole.gif */; };
		16C0073A1A000C7000231A17 /* matrix_code1.gif in Resources */ = {isa = PBXBuildFile; fileRef = 16C007361A000C7000231A17 /* matrix_code1.gif */; };
		16C0073B1A000C7000231A17 /* wireframe_planet.gif in Resources */ = {isa = PBXBuildFile; fileRef = 16C007371A000C7000231A17 /* wireframe_planet.gif */; };
		16C784AE19FEC9FF008421CC /* PlayerCell.swift in Sources */ = {isa = PBXBuildFile; fileRef = 16C784AC19FEC9FF008421CC /* PlayerCell.swift */; };
		16C784AF19FEC9FF008421CC /* PlayerCell.xib in Resources */ = {isa = PBXBuildFile; fileRef = 16C784AD19FEC9FF008421CC /* PlayerCell.xib */; };
		16C784B819FEF5F3008421CC /* mission_connector.pdf in Resources */ = {isa = PBXBuildFile; fileRef = 16C784B719FEF5F3008421CC /* mission_connector.pdf */; };
		16C784BA19FF09C6008421CC /* 1095222_34734740.jpg in Resources */ = {isa = PBXBuildFile; fileRef = 16C784B919FF09C6008421CC /* 1095222_34734740.jpg */; };
		4334C3781A019EDD00CB7AFA /* DefaultIconCell.swift in Sources */ = {isa = PBXBuildFile; fileRef = 4334C3771A019EDD00CB7AFA /* DefaultIconCell.swift */; };
		436546751A00299C0060B865 /* AppDelegate.swift in Sources */ = {isa = PBXBuildFile; fileRef = 436546741A00299C0060B865 /* AppDelegate.swift */; };
		4372ECB21A0024A200907EFA /* Mission.swift in Sources */ = {isa = PBXBuildFile; fileRef = 4372ECB11A0024A200907EFA /* Mission.swift */; };
		43CEB92E19FF41BE007CF4A5 /* ApprovedTeam.swift in Sources */ = {isa = PBXBuildFile; fileRef = 43CEB92819FF41BE007CF4A5 /* ApprovedTeam.swift */; };
		43CEB92F19FF41BE007CF4A5 /* ProposedTeam.swift in Sources */ = {isa = PBXBuildFile; fileRef = 43CEB92919FF41BE007CF4A5 /* ProposedTeam.swift */; };
		43CEB93019FF41BE007CF4A5 /* UserInfo.swift in Sources */ = {isa = PBXBuildFile; fileRef = 43CEB92A19FF41BE007CF4A5 /* UserInfo.swift */; };
		43CEB93119FF41BE007CF4A5 /* Player.swift in Sources */ = {isa = PBXBuildFile; fileRef = 43CEB92B19FF41BE007CF4A5 /* Player.swift */; };
		705BB11E19FFFB5C00584A5B /* LeadGameController.swift in Sources */ = {isa = PBXBuildFile; fileRef = 705BB11D19FFFB5C00584A5B /* LeadGameController.swift */; };
		70CAA5D419FFFC7F00D5BDC1 /* HomeViewController.swift in Sources */ = {isa = PBXBuildFile; fileRef = 70CAA5D319FFFC7F00D5BDC1 /* HomeViewController.swift */; };
		7E423DF91A0027560015CC8D /* LaunchViewController.swift in Sources */ = {isa = PBXBuildFile; fileRef = 7E423DF71A0027560015CC8D /* LaunchViewController.swift */; };
		7E46DF2119FEB359009215E3 /* (null) in Sources */ = {isa = PBXBuildFile; };
		7E46DF2319FEB359009215E3 /* ViewController.swift in Sources */ = {isa = PBXBuildFile; fileRef = 7E46DF2219FEB359009215E3 /* ViewController.swift */; };
		7E46DF2619FEB359009215E3 /* Main.storyboard in Resources */ = {isa = PBXBuildFile; fileRef = 7E46DF2419FEB359009215E3 /* Main.storyboard */; };
		7E46DF2819FEB359009215E3 /* Images.xcassets in Resources */ = {isa = PBXBuildFile; fileRef = 7E46DF2719FEB359009215E3 /* Images.xcassets */; };
		7E46DF2B19FEB359009215E3 /* LaunchScreen.xib in Resources */ = {isa = PBXBuildFile; fileRef = 7E46DF2919FEB359009215E3 /* LaunchScreen.xib */; };
		7E46DF3719FEB359009215E3 /* Hacker_MissionTests.swift in Sources */ = {isa = PBXBuildFile; fileRef = 7E46DF3619FEB359009215E3 /* Hacker_MissionTests.swift */; };
		7E46DF4119FEBC2A009215E3 /* MultipeerController.swift in Sources */ = {isa = PBXBuildFile; fileRef = 7E46DF4019FEBC2A009215E3 /* MultipeerController.swift */; };
		7E46DF4719FF126A009215E3 /* GameController.swift in Sources */ = {isa = PBXBuildFile; fileRef = 7E46DF4619FF126A009215E3 /* GameController.swift */; };
		7E46DF4919FF130A009215E3 /* GameEvent.swift in Sources */ = {isa = PBXBuildFile; fileRef = 7E46DF4819FF130A009215E3 /* GameEvent.swift */; };
		7E46DF5019FF336E009215E3 /* GameSession.swift in Sources */ = {isa = PBXBuildFile; fileRef = 7E46DF4A19FF336E009215E3 /* GameSession.swift */; };
		7E86E9B91A03EF06001C81C5 /* typicons.ttf in Resources */ = {isa = PBXBuildFile; fileRef = 16C784B119FECD4F008421CC /* typicons.ttf */; };
		7E86E9BC1A03F234001C81C5 /* EndGameViewController.swift in Sources */ = {isa = PBXBuildFile; fileRef = 7E86E9BA1A03F234001C81C5 /* EndGameViewController.swift */; };
		7E86E9BD1A03F234001C81C5 /* EndGameViewController.xib in Resources */ = {isa = PBXBuildFile; fileRef = 7E86E9BB1A03F234001C81C5 /* EndGameViewController.xib */; };
		7E9BE66B19FFFF1D00E21794 /* NominationViewController.swift in Sources */ = {isa = PBXBuildFile; fileRef = 7E9BE66A19FFFF1D00E21794 /* NominationViewController.swift */; };
		7E9BE66F1A0001EC00E21794 /* NominationVoteView.xib in Resources */ = {isa = PBXBuildFile; fileRef = 7E9BE66E1A0001EC00E21794 /* NominationVoteView.xib */; };
		7E9BE6711A00045400E21794 /* MissionOutcomeView.xib in Resources */ = {isa = PBXBuildFile; fileRef = 7E9BE6701A00045400E21794 /* MissionOutcomeView.xib */; };
		7EF0C1291A02A519002A6219 /* RevealMissionOutcomeViewController.swift in Sources */ = {isa = PBXBuildFile; fileRef = 7EF0C1271A02A519002A6219 /* RevealMissionOutcomeViewController.swift */; };
		7EF0C12A1A02A519002A6219 /* RevealMissionOutcomeViewController.xib in Resources */ = {isa = PBXBuildFile; fileRef = 7EF0C1281A02A519002A6219 /* RevealMissionOutcomeViewController.xib */; };
		7EF0C12C1A02AAEC002A6219 /* MissionOutcomeVoteViewController.swift in Sources */ = {isa = PBXBuildFile; fileRef = 7EF0C12B1A02AAEC002A6219 /* MissionOutcomeVoteViewController.swift */; };
		7EF0C12F1A02C358002A6219 /* MissionTextViewController.swift in Sources */ = {isa = PBXBuildFile; fileRef = 7EF0C12D1A02C358002A6219 /* MissionTextViewController.swift */; };
		7EF0C1301A02C358002A6219 /* MissionTextViewController.xib in Resources */ = {isa = PBXBuildFile; fileRef = 7EF0C12E1A02C358002A6219 /* MissionTextViewController.xib */; };
/* End PBXBuildFile section */

/* Begin PBXContainerItemProxy section */
		7E46DF3119FEB359009215E3 /* PBXContainerItemProxy */ = {
			isa = PBXContainerItemProxy;
			containerPortal = 7E46DF1319FEB359009215E3 /* Project object */;
			proxyType = 1;
			remoteGlobalIDString = 7E46DF1A19FEB359009215E3;
			remoteInfo = "Hacker Mission";
		};
/* End PBXContainerItemProxy section */

/* Begin PBXFileReference section */
		1608688C1A02B6E5007D2EE3 /* Jake Class Extensions.swift */ = {isa = PBXFileReference; fileEncoding = 4; lastKnownFileType = sourcecode.swift; path = "Jake Class Extensions.swift"; sourceTree = "<group>"; };
		164EDA8E1A015008005F7452 /* CharacterCreationViewController.swift */ = {isa = PBXFileReference; fileEncoding = 4; lastKnownFileType = sourcecode.swift; path = CharacterCreationViewController.swift; sourceTree = "<group>"; };
		164EDA921A01672D005F7452 /* RevealViewController.swift */ = {isa = PBXFileReference; fileEncoding = 4; lastKnownFileType = sourcecode.swift; path = RevealViewController.swift; sourceTree = "<group>"; };
		164EDA931A01672D005F7452 /* RevealViewController.xib */ = {isa = PBXFileReference; fileEncoding = 4; lastKnownFileType = file.xib; path = RevealViewController.xib; sourceTree = "<group>"; };
		164EDA961A018C5B005F7452 /* HackerMissionTitle.pdf */ = {isa = PBXFileReference; lastKnownFileType = image.pdf; path = HackerMissionTitle.pdf; sourceTree = "<group>"; };
		1697EB5C1A03F0F4007D8D77 /* fontawesome-webfont.ttf */ = {isa = PBXFileReference; lastKnownFileType = file; path = "fontawesome-webfont.ttf"; sourceTree = "<group>"; };
		16C007341A000C7000231A17 /* infinite_field_bw.gif */ = {isa = PBXFileReference; lastKnownFileType = image.gif; path = infinite_field_bw.gif; sourceTree = "<group>"; };
		16C007351A000C7000231A17 /* infinite_wormhole.gif */ = {isa = PBXFileReference; lastKnownFileType = image.gif; path = infinite_wormhole.gif; sourceTree = "<group>"; };
		16C007361A000C7000231A17 /* matrix_code1.gif */ = {isa = PBXFileReference; lastKnownFileType = image.gif; path = matrix_code1.gif; sourceTree = "<group>"; };
		16C007371A000C7000231A17 /* wireframe_planet.gif */ = {isa = PBXFileReference; lastKnownFileType = image.gif; path = wireframe_planet.gif; sourceTree = "<group>"; };
		16C784AC19FEC9FF008421CC /* PlayerCell.swift */ = {isa = PBXFileReference; fileEncoding = 4; lastKnownFileType = sourcecode.swift; path = PlayerCell.swift; sourceTree = "<group>"; };
		16C784AD19FEC9FF008421CC /* PlayerCell.xib */ = {isa = PBXFileReference; fileEncoding = 4; lastKnownFileType = file.xib; path = PlayerCell.xib; sourceTree = "<group>"; };
		16C784B119FECD4F008421CC /* typicons.ttf */ = {isa = PBXFileReference; lastKnownFileType = file; path = typicons.ttf; sourceTree = "<group>"; };
		16C784B419FEE99F008421CC /* TYPEWRON.ttf */ = {isa = PBXFileReference; lastKnownFileType = file; path = TYPEWRON.ttf; sourceTree = "<group>"; };
		16C784B519FEE9C1008421CC /* MKStencilsansBlack.ttf */ = {isa = PBXFileReference; lastKnownFileType = file; path = MKStencilsansBlack.ttf; sourceTree = "<group>"; };
		16C784B619FEE9DA008421CC /* BOYCOTT_.ttf */ = {isa = PBXFileReference; lastKnownFileType = file; path = BOYCOTT_.ttf; sourceTree = "<group>"; };
		16C784B719FEF5F3008421CC /* mission_connector.pdf */ = {isa = PBXFileReference; lastKnownFileType = image.pdf; path = mission_connector.pdf; sourceTree = "<group>"; };
		16C784B919FF09C6008421CC /* 1095222_34734740.jpg */ = {isa = PBXFileReference; lastKnownFileType = image.jpeg; path = 1095222_34734740.jpg; sourceTree = "<group>"; };
		4334C3771A019EDD00CB7AFA /* DefaultIconCell.swift */ = {isa = PBXFileReference; fileEncoding = 4; lastKnownFileType = sourcecode.swift; path = DefaultIconCell.swift; sourceTree = "<group>"; };
		436546741A00299C0060B865 /* AppDelegate.swift */ = {isa = PBXFileReference; fileEncoding = 4; lastKnownFileType = sourcecode.swift; path = AppDelegate.swift; sourceTree = "<group>"; };
		4372ECB11A0024A200907EFA /* Mission.swift */ = {isa = PBXFileReference; fileEncoding = 4; lastKnownFileType = sourcecode.swift; path = Mission.swift; sourceTree = "<group>"; };
		43CEB92819FF41BE007CF4A5 /* ApprovedTeam.swift */ = {isa = PBXFileReference; fileEncoding = 4; lastKnownFileType = sourcecode.swift; path = ApprovedTeam.swift; sourceTree = "<group>"; };
		43CEB92919FF41BE007CF4A5 /* ProposedTeam.swift */ = {isa = PBXFileReference; fileEncoding = 4; lastKnownFileType = sourcecode.swift; path = ProposedTeam.swift; sourceTree = "<group>"; };
		43CEB92A19FF41BE007CF4A5 /* UserInfo.swift */ = {isa = PBXFileReference; fileEncoding = 4; lastKnownFileType = sourcecode.swift; path = UserInfo.swift; sourceTree = "<group>"; };
		43CEB92B19FF41BE007CF4A5 /* Player.swift */ = {isa = PBXFileReference; fileEncoding = 4; lastKnownFileType = sourcecode.swift; path = Player.swift; sourceTree = "<group>"; };
		705BB11D19FFFB5C00584A5B /* LeadGameController.swift */ = {isa = PBXFileReference; fileEncoding = 4; lastKnownFileType = sourcecode.swift; path = LeadGameController.swift; sourceTree = "<group>"; };
		70CAA5D319FFFC7F00D5BDC1 /* HomeViewController.swift */ = {isa = PBXFileReference; fileEncoding = 4; lastKnownFileType = sourcecode.swift; path = HomeViewController.swift; sourceTree = "<group>"; };
		7E423DF71A0027560015CC8D /* LaunchViewController.swift */ = {isa = PBXFileReference; fileEncoding = 4; lastKnownFileType = sourcecode.swift; path = LaunchViewController.swift; sourceTree = "<group>"; };
		7E46DF1B19FEB359009215E3 /* Hacker Mission.app */ = {isa = PBXFileReference; explicitFileType = wrapper.application; includeInIndex = 0; path = "Hacker Mission.app"; sourceTree = BUILT_PRODUCTS_DIR; };
		7E46DF1F19FEB359009215E3 /* Info.plist */ = {isa = PBXFileReference; lastKnownFileType = text.plist.xml; path = Info.plist; sourceTree = "<group>"; };
		7E46DF2219FEB359009215E3 /* ViewController.swift */ = {isa = PBXFileReference; lastKnownFileType = sourcecode.swift; path = ViewController.swift; sourceTree = "<group>"; };
		7E46DF2519FEB359009215E3 /* Base */ = {isa = PBXFileReference; lastKnownFileType = file.storyboard; name = Base; path = Base.lproj/Main.storyboard; sourceTree = "<group>"; };
		7E46DF2719FEB359009215E3 /* Images.xcassets */ = {isa = PBXFileReference; lastKnownFileType = folder.assetcatalog; path = Images.xcassets; sourceTree = "<group>"; };
		7E46DF2A19FEB359009215E3 /* Base */ = {isa = PBXFileReference; lastKnownFileType = file.xib; name = Base; path = Base.lproj/LaunchScreen.xib; sourceTree = "<group>"; };
		7E46DF3019FEB359009215E3 /* Hacker MissionTests.xctest */ = {isa = PBXFileReference; explicitFileType = wrapper.cfbundle; includeInIndex = 0; path = "Hacker MissionTests.xctest"; sourceTree = BUILT_PRODUCTS_DIR; };
		7E46DF3519FEB359009215E3 /* Info.plist */ = {isa = PBXFileReference; lastKnownFileType = text.plist.xml; path = Info.plist; sourceTree = "<group>"; };
		7E46DF3619FEB359009215E3 /* Hacker_MissionTests.swift */ = {isa = PBXFileReference; lastKnownFileType = sourcecode.swift; path = Hacker_MissionTests.swift; sourceTree = "<group>"; };
		7E46DF4019FEBC2A009215E3 /* MultipeerController.swift */ = {isa = PBXFileReference; fileEncoding = 4; lastKnownFileType = sourcecode.swift; path = MultipeerController.swift; sourceTree = "<group>"; };
		7E46DF4619FF126A009215E3 /* GameController.swift */ = {isa = PBXFileReference; fileEncoding = 4; lastKnownFileType = sourcecode.swift; path = GameController.swift; sourceTree = "<group>"; };
		7E46DF4819FF130A009215E3 /* GameEvent.swift */ = {isa = PBXFileReference; fileEncoding = 4; lastKnownFileType = sourcecode.swift; path = GameEvent.swift; sourceTree = "<group>"; };
		7E46DF4A19FF336E009215E3 /* GameSession.swift */ = {isa = PBXFileReference; fileEncoding = 4; lastKnownFileType = sourcecode.swift; path = GameSession.swift; sourceTree = "<group>"; };
		7E86E9BA1A03F234001C81C5 /* EndGameViewController.swift */ = {isa = PBXFileReference; fileEncoding = 4; lastKnownFileType = sourcecode.swift; path = EndGameViewController.swift; sourceTree = "<group>"; };
		7E86E9BB1A03F234001C81C5 /* EndGameViewController.xib */ = {isa = PBXFileReference; fileEncoding = 4; lastKnownFileType = file.xib; path = EndGameViewController.xib; sourceTree = "<group>"; };
		7E9BE66A19FFFF1D00E21794 /* NominationViewController.swift */ = {isa = PBXFileReference; fileEncoding = 4; lastKnownFileType = sourcecode.swift; path = NominationViewController.swift; sourceTree = "<group>"; };
		7E9BE66E1A0001EC00E21794 /* NominationVoteView.xib */ = {isa = PBXFileReference; fileEncoding = 4; lastKnownFileType = file.xib; name = NominationVoteView.xib; path = ../NominationVoteView.xib; sourceTree = "<group>"; };
		7E9BE6701A00045400E21794 /* MissionOutcomeView.xib */ = {isa = PBXFileReference; fileEncoding = 4; lastKnownFileType = file.xib; path = MissionOutcomeView.xib; sourceTree = SOURCE_ROOT; };
		7EF0C1271A02A519002A6219 /* RevealMissionOutcomeViewController.swift */ = {isa = PBXFileReference; fileEncoding = 4; lastKnownFileType = sourcecode.swift; path = RevealMissionOutcomeViewController.swift; sourceTree = "<group>"; };
		7EF0C1281A02A519002A6219 /* RevealMissionOutcomeViewController.xib */ = {isa = PBXFileReference; fileEncoding = 4; lastKnownFileType = file.xib; path = RevealMissionOutcomeViewController.xib; sourceTree = "<group>"; };
		7EF0C12B1A02AAEC002A6219 /* MissionOutcomeVoteViewController.swift */ = {isa = PBXFileReference; fileEncoding = 4; lastKnownFileType = sourcecode.swift; path = MissionOutcomeVoteViewController.swift; sourceTree = "<group>"; };
		7EF0C12D1A02C358002A6219 /* MissionTextViewController.swift */ = {isa = PBXFileReference; fileEncoding = 4; lastKnownFileType = sourcecode.swift; path = MissionTextViewController.swift; sourceTree = "<group>"; };
		7EF0C12E1A02C358002A6219 /* MissionTextViewController.xib */ = {isa = PBXFileReference; fileEncoding = 4; lastKnownFileType = file.xib; path = MissionTextViewController.xib; sourceTree = "<group>"; };
/* End PBXFileReference section */

/* Begin PBXFrameworksBuildPhase section */
		7E46DF1819FEB359009215E3 /* Frameworks */ = {
			isa = PBXFrameworksBuildPhase;
			buildActionMask = 2147483647;
			files = (
			);
			runOnlyForDeploymentPostprocessing = 0;
		};
		7E46DF2D19FEB359009215E3 /* Frameworks */ = {
			isa = PBXFrameworksBuildPhase;
			buildActionMask = 2147483647;
			files = (
			);
			runOnlyForDeploymentPostprocessing = 0;
		};
/* End PBXFrameworksBuildPhase section */

/* Begin PBXGroup section */
		16C784A919FEC2A7008421CC /* View Layer */ = {
			isa = PBXGroup;
			children = (
				7E46DF2419FEB359009215E3 /* Main.storyboard */,
				7E46DF2919FEB359009215E3 /* LaunchScreen.xib */,
				16C784AD19FEC9FF008421CC /* PlayerCell.xib */,
				7E9BE66E1A0001EC00E21794 /* NominationVoteView.xib */,
				164EDA931A01672D005F7452 /* RevealViewController.xib */,
				7E86E9BB1A03F234001C81C5 /* EndGameViewController.xib */,
				7E9BE6701A00045400E21794 /* MissionOutcomeView.xib */,
				7EF0C1281A02A519002A6219 /* RevealMissionOutcomeViewController.xib */,
				7EF0C12E1A02C358002A6219 /* MissionTextViewController.xib */,
				16C784AC19FEC9FF008421CC /* PlayerCell.swift */,
				4334C3771A019EDD00CB7AFA /* DefaultIconCell.swift */,
			);
			name = "View Layer";
			sourceTree = "<group>";
		};
		16C784AA19FEC2E5008421CC /* Controller Layer */ = {
			isa = PBXGroup;
			children = (
				436546741A00299C0060B865 /* AppDelegate.swift */,
				7E46DF4019FEBC2A009215E3 /* MultipeerController.swift */,
				70CAA5D319FFFC7F00D5BDC1 /* HomeViewController.swift */,
				7E86E9BA1A03F234001C81C5 /* EndGameViewController.swift */,
				7EF0C12D1A02C358002A6219 /* MissionTextViewController.swift */,
				705BB11D19FFFB5C00584A5B /* LeadGameController.swift */,
				7EF0C1271A02A519002A6219 /* RevealMissionOutcomeViewController.swift */,
				7E423DF71A0027560015CC8D /* LaunchViewController.swift */,
				7E46DF4619FF126A009215E3 /* GameController.swift */,
				7E9BE66A19FFFF1D00E21794 /* NominationViewController.swift */,
				7E46DF2219FEB359009215E3 /* ViewController.swift */,
				164EDA8E1A015008005F7452 /* CharacterCreationViewController.swift */,
				164EDA921A01672D005F7452 /* RevealViewController.swift */,
				7EF0C12B1A02AAEC002A6219 /* MissionOutcomeVoteViewController.swift */,
			);
			name = "Controller Layer";
			sourceTree = "<group>";
		};
		16C784AB19FEC2F5008421CC /* Model Layer */ = {
			isa = PBXGroup;
			children = (
				4372ECB11A0024A200907EFA /* Mission.swift */,
				43CEB92819FF41BE007CF4A5 /* ApprovedTeam.swift */,
				43CEB92919FF41BE007CF4A5 /* ProposedTeam.swift */,
				43CEB92A19FF41BE007CF4A5 /* UserInfo.swift */,
				43CEB92B19FF41BE007CF4A5 /* Player.swift */,
				7E46DF4A19FF336E009215E3 /* GameSession.swift */,
				7E46DF4819FF130A009215E3 /* GameEvent.swift */,
				1608688C1A02B6E5007D2EE3 /* Jake Class Extensions.swift */,
			);
			name = "Model Layer";
			sourceTree = "<group>";
		};
		7E46DF1219FEB359009215E3 = {
			isa = PBXGroup;
			children = (
				7E46DF1D19FEB359009215E3 /* Hacker Mission */,
				7E46DF3319FEB359009215E3 /* Hacker MissionTests */,
				7E46DF1C19FEB359009215E3 /* Products */,
			);
			sourceTree = "<group>";
		};
		7E46DF1C19FEB359009215E3 /* Products */ = {
			isa = PBXGroup;
			children = (
				7E46DF1B19FEB359009215E3 /* Hacker Mission.app */,
				7E46DF3019FEB359009215E3 /* Hacker MissionTests.xctest */,
			);
			name = Products;
			sourceTree = "<group>";
		};
		7E46DF1D19FEB359009215E3 /* Hacker Mission */ = {
			isa = PBXGroup;
			children = (
				16C784AA19FEC2E5008421CC /* Controller Layer */,
				16C784A919FEC2A7008421CC /* View Layer */,
				16C784AB19FEC2F5008421CC /* Model Layer */,
				7E46DF1E19FEB359009215E3 /* Supporting Files */,
			);
			path = "Hacker Mission";
			sourceTree = "<group>";
		};
		7E46DF1E19FEB359009215E3 /* Supporting Files */ = {
			isa = PBXGroup;
			children = (
				7E46DF2719FEB359009215E3 /* Images.xcassets */,
				164EDA961A018C5B005F7452 /* HackerMissionTitle.pdf */,
				16C007341A000C7000231A17 /* infinite_field_bw.gif */,
				16C007351A000C7000231A17 /* infinite_wormhole.gif */,
				16C007361A000C7000231A17 /* matrix_code1.gif */,
				16C007371A000C7000231A17 /* wireframe_planet.gif */,
				16C784B719FEF5F3008421CC /* mission_connector.pdf */,
				16C784B919FF09C6008421CC /* 1095222_34734740.jpg */,
				16C784B119FECD4F008421CC /* typicons.ttf */,
				1697EB5C1A03F0F4007D8D77 /* fontawesome-webfont.ttf */,
				16C784B519FEE9C1008421CC /* MKStencilsansBlack.ttf */,
				16C784B419FEE99F008421CC /* TYPEWRON.ttf */,
				16C784B619FEE9DA008421CC /* BOYCOTT_.ttf */,
				7E46DF1F19FEB359009215E3 /* Info.plist */,
			);
			name = "Supporting Files";
			sourceTree = "<group>";
		};
		7E46DF3319FEB359009215E3 /* Hacker MissionTests */ = {
			isa = PBXGroup;
			children = (
				7E46DF3619FEB359009215E3 /* Hacker_MissionTests.swift */,
				7E46DF3419FEB359009215E3 /* Supporting Files */,
			);
			path = "Hacker MissionTests";
			sourceTree = "<group>";
		};
		7E46DF3419FEB359009215E3 /* Supporting Files */ = {
			isa = PBXGroup;
			children = (
				7E46DF3519FEB359009215E3 /* Info.plist */,
			);
			name = "Supporting Files";
			sourceTree = "<group>";
		};
/* End PBXGroup section */

/* Begin PBXNativeTarget section */
		7E46DF1A19FEB359009215E3 /* Hacker Mission */ = {
			isa = PBXNativeTarget;
			buildConfigurationList = 7E46DF3A19FEB359009215E3 /* Build configuration list for PBXNativeTarget "Hacker Mission" */;
			buildPhases = (
				7E46DF1719FEB359009215E3 /* Sources */,
				7E46DF1819FEB359009215E3 /* Frameworks */,
				7E46DF1919FEB359009215E3 /* Resources */,
			);
			buildRules = (
			);
			dependencies = (
			);
			name = "Hacker Mission";
			productName = "Hacker Mission";
			productReference = 7E46DF1B19FEB359009215E3 /* Hacker Mission.app */;
			productType = "com.apple.product-type.application";
		};
		7E46DF2F19FEB359009215E3 /* Hacker MissionTests */ = {
			isa = PBXNativeTarget;
			buildConfigurationList = 7E46DF3D19FEB359009215E3 /* Build configuration list for PBXNativeTarget "Hacker MissionTests" */;
			buildPhases = (
				7E46DF2C19FEB359009215E3 /* Sources */,
				7E46DF2D19FEB359009215E3 /* Frameworks */,
				7E46DF2E19FEB359009215E3 /* Resources */,
			);
			buildRules = (
			);
			dependencies = (
				7E46DF3219FEB359009215E3 /* PBXTargetDependency */,
			);
			name = "Hacker MissionTests";
			productName = "Hacker MissionTests";
			productReference = 7E46DF3019FEB359009215E3 /* Hacker MissionTests.xctest */;
			productType = "com.apple.product-type.bundle.unit-test";
		};
/* End PBXNativeTarget section */

/* Begin PBXProject section */
		7E46DF1319FEB359009215E3 /* Project object */ = {
			isa = PBXProject;
			attributes = {
				LastUpgradeCheck = 0610;
				ORGANIZATIONNAME = "Code Fellows";
				TargetAttributes = {
					7E46DF1A19FEB359009215E3 = {
						CreatedOnToolsVersion = 6.1;
					};
					7E46DF2F19FEB359009215E3 = {
						CreatedOnToolsVersion = 6.1;
						TestTargetID = 7E46DF1A19FEB359009215E3;
					};
				};
			};
			buildConfigurationList = 7E46DF1619FEB359009215E3 /* Build configuration list for PBXProject "Hacker Mission" */;
			compatibilityVersion = "Xcode 3.2";
			developmentRegion = English;
			hasScannedForEncodings = 0;
			knownRegions = (
				en,
				Base,
			);
			mainGroup = 7E46DF1219FEB359009215E3;
			productRefGroup = 7E46DF1C19FEB359009215E3 /* Products */;
			projectDirPath = "";
			projectRoot = "";
			targets = (
				7E46DF1A19FEB359009215E3 /* Hacker Mission */,
				7E46DF2F19FEB359009215E3 /* Hacker MissionTests */,
			);
		};
/* End PBXProject section */

/* Begin PBXResourcesBuildPhase section */
		7E46DF1919FEB359009215E3 /* Resources */ = {
			isa = PBXResourcesBuildPhase;
			buildActionMask = 2147483647;
			files = (
				16AA3ADC1A00596700646943 /* TYPEWRON.ttf in Resources */,
				7E9BE6711A00045400E21794 /* MissionOutcomeView.xib in Resources */,
				16C784B819FEF5F3008421CC /* mission_connector.pdf in Resources */,
				16C0073A1A000C7000231A17 /* matrix_code1.gif in Resources */,
				7E86E9B91A03EF06001C81C5 /* typicons.ttf in Resources */,
				164EDA971A018C5B005F7452 /* HackerMissionTitle.pdf in Resources */,
				16C784AF19FEC9FF008421CC /* PlayerCell.xib in Resources */,
				7E46DF2619FEB359009215E3 /* Main.storyboard in Resources */,
				16C007391A000C7000231A17 /* infinite_wormhole.gif in Resources */,
				16C784BA19FF09C6008421CC /* 1095222_34734740.jpg in Resources */,
				164EDA951A01672D005F7452 /* RevealViewController.xib in Resources */,
				1697EB5D1A03FE72007D8D77 /* fontawesome-webfont.ttf in Resources */,
				7E9BE66F1A0001EC00E21794 /* NominationVoteView.xib in Resources */,
				7EF0C12A1A02A519002A6219 /* RevealMissionOutcomeViewController.xib in Resources */,
				7EF0C1301A02C358002A6219 /* MissionTextViewController.xib in Resources */,
				7E46DF2B19FEB359009215E3 /* LaunchScreen.xib in Resources */,
				7E46DF2819FEB359009215E3 /* Images.xcassets in Resources */,
				16C007381A000C7000231A17 /* infinite_field_bw.gif in Resources */,
				16AA3ADD1A00596A00646943 /* BOYCOTT_.ttf in Resources */,
				7E86E9BD1A03F234001C81C5 /* EndGameViewController.xib in Resources */,
				16AA3ADE1A00596F00646943 /* MKStencilsansBlack.ttf in Resources */,
				16C0073B1A000C7000231A17 /* wireframe_planet.gif in Resources */,
			);
			runOnlyForDeploymentPostprocessing = 0;
		};
		7E46DF2E19FEB359009215E3 /* Resources */ = {
			isa = PBXResourcesBuildPhase;
			buildActionMask = 2147483647;
			files = (
			);
			runOnlyForDeploymentPostprocessing = 0;
		};
/* End PBXResourcesBuildPhase section */

/* Begin PBXSourcesBuildPhase section */
		7E46DF1719FEB359009215E3 /* Sources */ = {
			isa = PBXSourcesBuildPhase;
			buildActionMask = 2147483647;
			files = (
				4334C3781A019EDD00CB7AFA /* DefaultIconCell.swift in Sources */,
				16C784AE19FEC9FF008421CC /* PlayerCell.swift in Sources */,
				164EDA901A015008005F7452 /* CharacterCreationViewController.swift in Sources */,
				705BB11E19FFFB5C00584A5B /* LeadGameController.swift in Sources */,
				70CAA5D419FFFC7F00D5BDC1 /* HomeViewController.swift in Sources */,
				436546751A00299C0060B865 /* AppDelegate.swift in Sources */,
				7E46DF2319FEB359009215E3 /* ViewController.swift in Sources */,
				43CEB92F19FF41BE007CF4A5 /* ProposedTeam.swift in Sources */,
				43CEB92E19FF41BE007CF4A5 /* ApprovedTeam.swift in Sources */,
				43CEB93019FF41BE007CF4A5 /* UserInfo.swift in Sources */,
				7E423DF91A0027560015CC8D /* LaunchViewController.swift in Sources */,
				43CEB93119FF41BE007CF4A5 /* Player.swift in Sources */,
				7E9BE66B19FFFF1D00E21794 /* NominationViewController.swift in Sources */,
				4372ECB21A0024A200907EFA /* Mission.swift in Sources */,
				7E86E9BC1A03F234001C81C5 /* EndGameViewController.swift in Sources */,
				164EDA941A01672D005F7452 /* RevealViewController.swift in Sources */,
				7E46DF4919FF130A009215E3 /* GameEvent.swift in Sources */,
				7E46DF2119FEB359009215E3 /* (null) in Sources */,
				7E46DF2119FEB359009215E3 /* (null) in Sources */,
				7E46DF4719FF126A009215E3 /* GameController.swift in Sources */,
				1608688D1A02B6E5007D2EE3 /* Jake Class Extensions.swift in Sources */,
				7EF0C12C1A02AAEC002A6219 /* MissionOutcomeVoteViewController.swift in Sources */,
				7E46DF4119FEBC2A009215E3 /* MultipeerController.swift in Sources */,
				7EF0C12F1A02C358002A6219 /* MissionTextViewController.swift in Sources */,
				7EF0C1291A02A519002A6219 /* RevealMissionOutcomeViewController.swift in Sources */,
				7E46DF5019FF336E009215E3 /* GameSession.swift in Sources */,
			);
			runOnlyForDeploymentPostprocessing = 0;
		};
		7E46DF2C19FEB359009215E3 /* Sources */ = {
			isa = PBXSourcesBuildPhase;
			buildActionMask = 2147483647;
			files = (
				7E46DF3719FEB359009215E3 /* Hacker_MissionTests.swift in Sources */,
			);
			runOnlyForDeploymentPostprocessing = 0;
		};
/* End PBXSourcesBuildPhase section */

/* Begin PBXTargetDependency section */
		7E46DF3219FEB359009215E3 /* PBXTargetDependency */ = {
			isa = PBXTargetDependency;
			target = 7E46DF1A19FEB359009215E3 /* Hacker Mission */;
			targetProxy = 7E46DF3119FEB359009215E3 /* PBXContainerItemProxy */;
		};
/* End PBXTargetDependency section */

/* Begin PBXVariantGroup section */
		7E46DF2419FEB359009215E3 /* Main.storyboard */ = {
			isa = PBXVariantGroup;
			children = (
				7E46DF2519FEB359009215E3 /* Base */,
			);
			name = Main.storyboard;
			sourceTree = "<group>";
		};
		7E46DF2919FEB359009215E3 /* LaunchScreen.xib */ = {
			isa = PBXVariantGroup;
			children = (
				7E46DF2A19FEB359009215E3 /* Base */,
			);
			name = LaunchScreen.xib;
			sourceTree = "<group>";
		};
/* End PBXVariantGroup section */

/* Begin XCBuildConfiguration section */
		7E46DF3819FEB359009215E3 /* Debug */ = {
			isa = XCBuildConfiguration;
			buildSettings = {
				ALWAYS_SEARCH_USER_PATHS = NO;
				CLANG_CXX_LANGUAGE_STANDARD = "gnu++0x";
				CLANG_CXX_LIBRARY = "libc++";
				CLANG_ENABLE_MODULES = YES;
				CLANG_ENABLE_OBJC_ARC = YES;
				CLANG_WARN_BOOL_CONVERSION = YES;
				CLANG_WARN_CONSTANT_CONVERSION = YES;
				CLANG_WARN_DIRECT_OBJC_ISA_USAGE = YES_ERROR;
				CLANG_WARN_EMPTY_BODY = YES;
				CLANG_WARN_ENUM_CONVERSION = YES;
				CLANG_WARN_INT_CONVERSION = YES;
				CLANG_WARN_OBJC_ROOT_CLASS = YES_ERROR;
				CLANG_WARN_UNREACHABLE_CODE = YES;
				CLANG_WARN__DUPLICATE_METHOD_MATCH = YES;
				"CODE_SIGN_IDENTITY[sdk=iphoneos*]" = "iPhone Developer";
				COPY_PHASE_STRIP = NO;
				ENABLE_STRICT_OBJC_MSGSEND = YES;
				GCC_C_LANGUAGE_STANDARD = gnu99;
				GCC_DYNAMIC_NO_PIC = NO;
				GCC_OPTIMIZATION_LEVEL = 0;
				GCC_PREPROCESSOR_DEFINITIONS = (
					"DEBUG=1",
					"$(inherited)",
				);
				GCC_SYMBOLS_PRIVATE_EXTERN = NO;
				GCC_WARN_64_TO_32_BIT_CONVERSION = YES;
				GCC_WARN_ABOUT_RETURN_TYPE = YES_ERROR;
				GCC_WARN_UNDECLARED_SELECTOR = YES;
				GCC_WARN_UNINITIALIZED_AUTOS = YES_AGGRESSIVE;
				GCC_WARN_UNUSED_FUNCTION = YES;
				GCC_WARN_UNUSED_VARIABLE = YES;
				IPHONEOS_DEPLOYMENT_TARGET = 8.1;
				MTL_ENABLE_DEBUG_INFO = YES;
				ONLY_ACTIVE_ARCH = YES;
				SDKROOT = iphoneos;
				SWIFT_OPTIMIZATION_LEVEL = "-Onone";
				TARGETED_DEVICE_FAMILY = "1,2";
			};
			name = Debug;
		};
		7E46DF3919FEB359009215E3 /* Release */ = {
			isa = XCBuildConfiguration;
			buildSettings = {
				ALWAYS_SEARCH_USER_PATHS = NO;
				CLANG_CXX_LANGUAGE_STANDARD = "gnu++0x";
				CLANG_CXX_LIBRARY = "libc++";
				CLANG_ENABLE_MODULES = YES;
				CLANG_ENABLE_OBJC_ARC = YES;
				CLANG_WARN_BOOL_CONVERSION = YES;
				CLANG_WARN_CONSTANT_CONVERSION = YES;
				CLANG_WARN_DIRECT_OBJC_ISA_USAGE = YES_ERROR;
				CLANG_WARN_EMPTY_BODY = YES;
				CLANG_WARN_ENUM_CONVERSION = YES;
				CLANG_WARN_INT_CONVERSION = YES;
				CLANG_WARN_OBJC_ROOT_CLASS = YES_ERROR;
				CLANG_WARN_UNREACHABLE_CODE = YES;
				CLANG_WARN__DUPLICATE_METHOD_MATCH = YES;
				"CODE_SIGN_IDENTITY[sdk=iphoneos*]" = "iPhone Developer";
				COPY_PHASE_STRIP = YES;
				ENABLE_NS_ASSERTIONS = NO;
				ENABLE_STRICT_OBJC_MSGSEND = YES;
				GCC_C_LANGUAGE_STANDARD = gnu99;
				GCC_WARN_64_TO_32_BIT_CONVERSION = YES;
				GCC_WARN_ABOUT_RETURN_TYPE = YES_ERROR;
				GCC_WARN_UNDECLARED_SELECTOR = YES;
				GCC_WARN_UNINITIALIZED_AUTOS = YES_AGGRESSIVE;
				GCC_WARN_UNUSED_FUNCTION = YES;
				GCC_WARN_UNUSED_VARIABLE = YES;
				IPHONEOS_DEPLOYMENT_TARGET = 8.1;
				MTL_ENABLE_DEBUG_INFO = NO;
				SDKROOT = iphoneos;
				TARGETED_DEVICE_FAMILY = "1,2";
				VALIDATE_PRODUCT = YES;
			};
			name = Release;
		};
		7E46DF3B19FEB359009215E3 /* Debug */ = {
			isa = XCBuildConfiguration;
			buildSettings = {
				ASSETCATALOG_COMPILER_APPICON_NAME = AppIcon;
				INFOPLIST_FILE = "Hacker Mission/Info.plist";
				IPHONEOS_DEPLOYMENT_TARGET = 8.0;
				LD_RUNPATH_SEARCH_PATHS = "$(inherited) @executable_path/Frameworks";
				PRODUCT_NAME = "$(TARGET_NAME)";
			};
			name = Debug;
		};
		7E46DF3C19FEB359009215E3 /* Release */ = {
			isa = XCBuildConfiguration;
			buildSettings = {
				ASSETCATALOG_COMPILER_APPICON_NAME = AppIcon;
				INFOPLIST_FILE = "Hacker Mission/Info.plist";
				IPHONEOS_DEPLOYMENT_TARGET = 8.0;
				LD_RUNPATH_SEARCH_PATHS = "$(inherited) @executable_path/Frameworks";
				PRODUCT_NAME = "$(TARGET_NAME)";
			};
			name = Release;
		};
		7E46DF3E19FEB359009215E3 /* Debug */ = {
			isa = XCBuildConfiguration;
			buildSettings = {
				BUNDLE_LOADER = "$(TEST_HOST)";
				FRAMEWORK_SEARCH_PATHS = (
					"$(SDKROOT)/Developer/Library/Frameworks",
					"$(inherited)",
				);
				GCC_PREPROCESSOR_DEFINITIONS = (
					"DEBUG=1",
					"$(inherited)",
				);
				INFOPLIST_FILE = "Hacker MissionTests/Info.plist";
				LD_RUNPATH_SEARCH_PATHS = "$(inherited) @executable_path/Frameworks @loader_path/Frameworks";
				PRODUCT_NAME = "$(TARGET_NAME)";
				TEST_HOST = "$(BUILT_PRODUCTS_DIR)/Hacker Mission.app/Hacker Mission";
			};
			name = Debug;
		};
		7E46DF3F19FEB359009215E3 /* Release */ = {
			isa = XCBuildConfiguration;
			buildSettings = {
				BUNDLE_LOADER = "$(TEST_HOST)";
				FRAMEWORK_SEARCH_PATHS = (
					"$(SDKROOT)/Developer/Library/Frameworks",
					"$(inherited)",
				);
				INFOPLIST_FILE = "Hacker MissionTests/Info.plist";
				LD_RUNPATH_SEARCH_PATHS = "$(inherited) @executable_path/Frameworks @loader_path/Frameworks";
				PRODUCT_NAME = "$(TARGET_NAME)";
				TEST_HOST = "$(BUILT_PRODUCTS_DIR)/Hacker Mission.app/Hacker Mission";
			};
			name = Release;
		};
/* End XCBuildConfiguration section */

/* Begin XCConfigurationList section */
		7E46DF1619FEB359009215E3 /* Build configuration list for PBXProject "Hacker Mission" */ = {
			isa = XCConfigurationList;
			buildConfigurations = (
				7E46DF3819FEB359009215E3 /* Debug */,
				7E46DF3919FEB359009215E3 /* Release */,
			);
			defaultConfigurationIsVisible = 0;
			defaultConfigurationName = Release;
		};
		7E46DF3A19FEB359009215E3 /* Build configuration list for PBXNativeTarget "Hacker Mission" */ = {
			isa = XCConfigurationList;
			buildConfigurations = (
				7E46DF3B19FEB359009215E3 /* Debug */,
				7E46DF3C19FEB359009215E3 /* Release */,
			);
			defaultConfigurationIsVisible = 0;
			defaultConfigurationName = Release;
		};
		7E46DF3D19FEB359009215E3 /* Build configuration list for PBXNativeTarget "Hacker MissionTests" */ = {
			isa = XCConfigurationList;
			buildConfigurations = (
				7E46DF3E19FEB359009215E3 /* Debug */,
				7E46DF3F19FEB359009215E3 /* Release */,
			);
			defaultConfigurationIsVisible = 0;
			defaultConfigurationName = Release;
		};
/* End XCConfigurationList section */
	};
	rootObject = 7E46DF1319FEB359009215E3 /* Project object */;
}
